
Microsoft Visual Studio Solution File, Format Version 12.00
# Visual Studio 15
VisualStudioVersion = 15.0.28307.168
MinimumVisualStudioVersion = 10.0.40219.1
Project("{2150E333-8FDC-42A3-9474-1A3956D46DE8}") = "solution", "solution", "{FFA2EF58-47CD-4A7C-B15A-990E5663505F}"
EndProject
Project("{FAE04EC0-301F-11D3-BF4B-00C04F79EFBC}") = "Main", "solution\Main\Main.csproj", "{64327C09-61BD-48A9-AD49-75D2CB552BA8}"
EndProject
Project("{FAE04EC0-301F-11D3-BF4B-00C04F79EFBC}") = "QuickbookRepositories", "solution\QuickbookRepositories\QuickbookRepositories.csproj", "{D0708A1E-72A5-4886-B903-18A9333E09DE}"
EndProject
Project("{FAE04EC0-301F-11D3-BF4B-00C04F79EFBC}") = "ApplicationLogic", "solution\ApplicationLogic\ApplicationLogic.csproj", "{3B74D140-DF7B-45DE-A37B-99FE7CAE5266}"
EndProject
Project("{2150E333-8FDC-42A3-9474-1A3956D46DE8}") = "Framework", "Framework", "{5B547F0A-949F-438E-9BFB-12082A19661B}"
EndProject
Project("{9A19103F-16F7-4668-BE54-9A1E7A4F7556}") = "Framework.Autofac", "Framework\Framework.Autofac\Framework.Autofac.csproj", "{C36A430E-1BAF-4723-9A4F-8666AC825F1F}"
EndProject
Project("{FAE04EC0-301F-11D3-BF4B-00C04F79EFBC}") = "DatabaseRepositories", "solution\DatabaseRepositories\DatabaseRepositories.csproj", "{48F1698B-9CBF-41FB-B12F-B87EB74B4346}"
EndProject
Project("{FAE04EC0-301F-11D3-BF4B-00C04F79EFBC}") = "DatabaseSchema", "solution\DatabaseSchema\DatabaseSchema.csproj", "{6C9CC9E2-E73F-453C-9A6C-741D6030393D}"
EndProject
Global
	GlobalSection(SolutionConfigurationPlatforms) = preSolution
		Debug|Any CPU = Debug|Any CPU
		QA|Any CPU = QA|Any CPU
		Release|Any CPU = Release|Any CPU
	EndGlobalSection
	GlobalSection(ProjectConfigurationPlatforms) = postSolution
		{64327C09-61BD-48A9-AD49-75D2CB552BA8}.Debug|Any CPU.ActiveCfg = Debug|Any CPU
		{64327C09-61BD-48A9-AD49-75D2CB552BA8}.Debug|Any CPU.Build.0 = Debug|Any CPU
		{64327C09-61BD-48A9-AD49-75D2CB552BA8}.QA|Any CPU.ActiveCfg = Release|Any CPU
		{64327C09-61BD-48A9-AD49-75D2CB552BA8}.QA|Any CPU.Build.0 = Release|Any CPU
		{64327C09-61BD-48A9-AD49-75D2CB552BA8}.Release|Any CPU.ActiveCfg = Release|Any CPU
		{64327C09-61BD-48A9-AD49-75D2CB552BA8}.Release|Any CPU.Build.0 = Release|Any CPU
		{D0708A1E-72A5-4886-B903-18A9333E09DE}.Debug|Any CPU.ActiveCfg = Debug|Any CPU
		{D0708A1E-72A5-4886-B903-18A9333E09DE}.Debug|Any CPU.Build.0 = Debug|Any CPU
		{D0708A1E-72A5-4886-B903-18A9333E09DE}.QA|Any CPU.ActiveCfg = Release|Any CPU
		{D0708A1E-72A5-4886-B903-18A9333E09DE}.QA|Any CPU.Build.0 = Release|Any CPU
		{D0708A1E-72A5-4886-B903-18A9333E09DE}.Release|Any CPU.ActiveCfg = Release|Any CPU
		{D0708A1E-72A5-4886-B903-18A9333E09DE}.Release|Any CPU.Build.0 = Release|Any CPU
		{3B74D140-DF7B-45DE-A37B-99FE7CAE5266}.Debug|Any CPU.ActiveCfg = Debug|Any CPU
		{3B74D140-DF7B-45DE-A37B-99FE7CAE5266}.Debug|Any CPU.Build.0 = Debug|Any CPU
		{3B74D140-DF7B-45DE-A37B-99FE7CAE5266}.QA|Any CPU.ActiveCfg = Release|Any CPU
		{3B74D140-DF7B-45DE-A37B-99FE7CAE5266}.QA|Any CPU.Build.0 = Release|Any CPU
		{3B74D140-DF7B-45DE-A37B-99FE7CAE5266}.Release|Any CPU.ActiveCfg = Release|Any CPU
		{3B74D140-DF7B-45DE-A37B-99FE7CAE5266}.Release|Any CPU.Build.0 = Release|Any CPU
		{C36A430E-1BAF-4723-9A4F-8666AC825F1F}.Debug|Any CPU.ActiveCfg = Debug|Any CPU
		{C36A430E-1BAF-4723-9A4F-8666AC825F1F}.Debug|Any CPU.Build.0 = Debug|Any CPU
		{C36A430E-1BAF-4723-9A4F-8666AC825F1F}.QA|Any CPU.ActiveCfg = QA|Any CPU
		{C36A430E-1BAF-4723-9A4F-8666AC825F1F}.QA|Any CPU.Build.0 = QA|Any CPU
		{C36A430E-1BAF-4723-9A4F-8666AC825F1F}.Release|Any CPU.ActiveCfg = Release|Any CPU
		{C36A430E-1BAF-4723-9A4F-8666AC825F1F}.Release|Any CPU.Build.0 = Release|Any CPU
		{48F1698B-9CBF-41FB-B12F-B87EB74B4346}.Debug|Any CPU.ActiveCfg = Debug|Any CPU
		{48F1698B-9CBF-41FB-B12F-B87EB74B4346}.Debug|Any CPU.Build.0 = Debug|Any CPU
		{48F1698B-9CBF-41FB-B12F-B87EB74B4346}.QA|Any CPU.ActiveCfg = Release|Any CPU
		{48F1698B-9CBF-41FB-B12F-B87EB74B4346}.QA|Any CPU.Build.0 = Release|Any CPU
		{48F1698B-9CBF-41FB-B12F-B87EB74B4346}.Release|Any CPU.ActiveCfg = Release|Any CPU
		{48F1698B-9CBF-41FB-B12F-B87EB74B4346}.Release|Any CPU.Build.0 = Release|Any CPU
		{6C9CC9E2-E73F-453C-9A6C-741D6030393D}.Debug|Any CPU.ActiveCfg = Debug|Any CPU
		{6C9CC9E2-E73F-453C-9A6C-741D6030393D}.Debug|Any CPU.Build.0 = Debug|Any CPU
		{6C9CC9E2-E73F-453C-9A6C-741D6030393D}.QA|Any CPU.ActiveCfg = Release|Any CPU
		{6C9CC9E2-E73F-453C-9A6C-741D6030393D}.QA|Any CPU.Build.0 = Release|Any CPU
		{6C9CC9E2-E73F-453C-9A6C-741D6030393D}.Release|Any CPU.ActiveCfg = Release|Any CPU
		{6C9CC9E2-E73F-453C-9A6C-741D6030393D}.Release|Any CPU.Build.0 = Release|Any CPU
	EndGlobalSection
	GlobalSection(SolutionProperties) = preSolution
		HideSolutionNode = FALSE
	EndGlobalSection
	GlobalSection(NestedProjects) = preSolution
		{64327C09-61BD-48A9-AD49-75D2CB552BA8} = {FFA2EF58-47CD-4A7C-B15A-990E5663505F}
		{D0708A1E-72A5-4886-B903-18A9333E09DE} = {FFA2EF58-47CD-4A7C-B15A-990E5663505F}
		{3B74D140-DF7B-45DE-A37B-99FE7CAE5266} = {FFA2EF58-47CD-4A7C-B15A-990E5663505F}
		{C36A430E-1BAF-4723-9A4F-8666AC825F1F} = {5B547F0A-949F-438E-9BFB-12082A19661B}
		{48F1698B-9CBF-41FB-B12F-B87EB74B4346} = {FFA2EF58-47CD-4A7C-B15A-990E5663505F}
		{6C9CC9E2-E73F-453C-9A6C-741D6030393D} = {FFA2EF58-47CD-4A7C-B15A-990E5663505F}
	EndGlobalSection
	GlobalSection(ExtensibilityGlobals) = postSolution
		SolutionGuid = {C02FA34D-7B50-4E4B-A178-C1345B4487B0}
	EndGlobalSection
EndGlobal
